{
    "version": 3,
    "terraform_version": "0.9.4",
    "serial": 10,
    "lineage": "fc5beb54-8d79-434c-91ac-d1a1dff99b3f",
    "modules": [
        {
            "path": [
                "root"
            ],
            "outputs": {},
            "resources": {
                "aws_iam_access_key.user_access_key": {
                    "type": "aws_iam_access_key",
                    "depends_on": [
                        "aws_iam_user.single_user"
                    ],
                    "primary": {
                        "id": "AKIAJ5G3R7ZW5BLNO67Q",
                        "attributes": {
                            "id": "AKIAJ5G3R7ZW5BLNO67Q",
                            "secret": "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",
                            "ses_smtp_password": "AoVEno8nbYia8FwQ8/lbSxnCdc1u2LSgVksCq4sOHf1c",
                            "status": "Active",
                            "user": "better-zoo-user"
                        },
                        "meta": {},
                        "tainted": false
                    },
                    "deposed": [],
                    "provider": ""
                },
                "aws_iam_user.single_user": {
                    "type": "aws_iam_user",
                    "depends_on": [],
                    "primary": {
                        "id": "better-zoo-user",
                        "attributes": {
                            "arn": "arn:aws:iam::623389244815:user/better-zoo-user",
                            "force_destroy": "false",
                            "id": "better-zoo-user",
                            "name": "better-zoo-user",
                            "path": "/",
                            "unique_id": "AIDAJZ4AODXKJHYQTTNZY"
                        },
                        "meta": {},
                        "tainted": false
                    },
                    "deposed": [],
                    "provider": ""
                },
                "aws_s3_bucket.better-zoo": {
                    "type": "aws_s3_bucket",
                    "depends_on": [
                        "aws_iam_user.single_user"
                    ],
                    "primary": {
                        "id": "better-zoo",
                        "attributes": {
                            "acceleration_status": "",
                            "acl": "private",
                            "arn": "arn:aws:s3:::better-zoo",
                            "bucket": "better-zoo",
                            "bucket_domain_name": "better-zoo.s3.amazonaws.com",
                            "force_destroy": "false",
                            "hosted_zone_id": "Z1BKCTXD74EZPE",
                            "id": "better-zoo",
                            "logging.#": "0",
                            "policy": "{\"Statement\":[{\"Action\":[\"s3:GetObject\",\"s3:DeleteObject\",\"s3:PutObject\"],\"Effect\":\"Allow\",\"Principal\":{\"AWS\":\"arn:aws:iam::623389244815:user/better-zoo-user\"},\"Resource\":[\"arn:aws:s3:::better-zoo\",\"arn:aws:s3:::better-zoo/*\"],\"Sid\":\"Allow read and write access to bucket for specific user roles\"}],\"Version\":\"2012-10-17\"}",
                            "region": "eu-west-1",
                            "request_payer": "BucketOwner",
                            "tags.%": "0",
                            "versioning.#": "1",
                            "versioning.0.enabled": "false",
                            "versioning.0.mfa_delete": "false",
                            "website.#": "0"
                        },
                        "meta": {},
                        "tainted": false
                    },
                    "deposed": [],
                    "provider": ""
                },
                "heroku_app.default": {
                    "type": "heroku_app",
                    "depends_on": [
                        "aws_iam_access_key.user_access_key"
                    ],
                    "primary": {
                        "id": "better-zoo-server",
                        "attributes": {
                            "all_config_vars.%": "2",
                            "all_config_vars.AWS_ACCESS_KEY_ID": "AKIAJ5G3R7ZW5BLNO67Q",
                            "all_config_vars.AWS_SECRET_ACCESS_KEY": "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",
                            "buildpacks.#": "2",
                            "buildpacks.0": "heroku/nodejs",
                            "buildpacks.1": "https://github.com/sunny4381/heroku-buildpack-linuxbrew",
                            "config_vars.#": "1",
                            "config_vars.0.%": "2",
                            "config_vars.0.AWS_ACCESS_KEY_ID": "AKIAJ5G3R7ZW5BLNO67Q",
                            "config_vars.0.AWS_SECRET_ACCESS_KEY": "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",
                            "git_url": "https://git.heroku.com/better-zoo-server.git",
                            "heroku_hostname": "better-zoo-server.herokuapp.com",
                            "id": "better-zoo-server",
                            "name": "better-zoo-server",
                            "region": "eu",
                            "stack": "cedar-14",
                            "web_url": "https://better-zoo-server.herokuapp.com/"
                        },
                        "meta": {},
                        "tainted": false
                    },
                    "deposed": [],
                    "provider": ""
                }
            },
            "depends_on": []
        }
    ]
}
