{
    "version": 3,
    "terraform_version": "0.9.3",
    "serial": 4,
    "lineage": "fc5beb54-8d79-434c-91ac-d1a1dff99b3f",
    "modules": [
        {
            "path": [
                "root"
            ],
            "outputs": {},
            "resources": {
                "aws_iam_access_key.user_access_key": {
                    "type": "aws_iam_access_key",
                    "depends_on": [
                        "aws_iam_user.single_user"
                    ],
                    "primary": {
                        "id": "AKIAIQWV2PU5SJAV2ZJA",
                        "attributes": {
                            "id": "AKIAIQWV2PU5SJAV2ZJA",
                            "secret": "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",
                            "ses_smtp_password": "AlVMeKSlQsRCN2+9qhygN+RSpb+2naibTKUv1eLFv5so",
                            "status": "Active",
                            "user": "better-zoo-user"
                        },
                        "meta": {},
                        "tainted": false
                    },
                    "deposed": [],
                    "provider": ""
                },
                "aws_iam_user.better_zoo_user": {
                    "type": "aws_iam_user",
                    "depends_on": [],
                    "primary": {
                        "id": "better-zoo-user",
                        "attributes": {
                            "arn": "arn:aws:iam::623389244815:user/better-zoo-user",
                            "force_destroy": "false",
                            "id": "better-zoo-user",
                            "name": "better-zoo-user",
                            "path": "/",
                            "unique_id": "AIDAIP2VJUW2IAPTSZFZI"
                        },
                        "meta": {},
                        "tainted": false
                    },
                    "deposed": [],
                    "provider": ""
                },
                "aws_iam_user.single_user": {
                    "type": "aws_iam_user",
                    "depends_on": [],
                    "primary": {
                        "id": "better-zoo-user",
                        "attributes": {
                            "arn": "arn:aws:iam::623389244815:user/better-zoo-user",
                            "force_destroy": "false",
                            "id": "better-zoo-user",
                            "name": "better-zoo-user",
                            "path": "/",
                            "unique_id": "AIDAIP2VJUW2IAPTSZFZI"
                        },
                        "meta": {},
                        "tainted": false
                    },
                    "deposed": [],
                    "provider": ""
                },
                "aws_s3_bucket.better-zoo": {
                    "type": "aws_s3_bucket",
                    "depends_on": [
                        "aws_iam_user.single_user"
                    ],
                    "primary": {
                        "id": "better-zoo",
                        "attributes": {
                            "acceleration_status": "",
                            "acl": "private",
                            "arn": "arn:aws:s3:::better-zoo",
                            "bucket": "better-zoo",
                            "bucket_domain_name": "better-zoo.s3.amazonaws.com",
                            "force_destroy": "false",
                            "hosted_zone_id": "Z1BKCTXD74EZPE",
                            "id": "better-zoo",
                            "logging.#": "0",
                            "policy": "{\"Statement\":[{\"Action\":[\"s3:GetObject\",\"s3:DeleteObject\",\"s3:PutObject\"],\"Effect\":\"Allow\",\"Principal\":{\"AWS\":\"arn:aws:iam::623389244815:user/better-zoo-user\"},\"Resource\":[\"arn:aws:s3:::better-zoo\",\"arn:aws:s3:::better-zoo/*\"],\"Sid\":\"Allow read and write access to bucket for specific user roles\"}],\"Version\":\"2012-10-17\"}",
                            "region": "eu-west-1",
                            "request_payer": "BucketOwner",
                            "tags.%": "0",
                            "versioning.#": "1",
                            "versioning.0.enabled": "false",
                            "versioning.0.mfa_delete": "false",
                            "website.#": "0"
                        },
                        "meta": {},
                        "tainted": false
                    },
                    "deposed": [],
                    "provider": ""
                }
            },
            "depends_on": []
        }
    ]
}
